
Microsoft Visual Studio Solution File, Format Version 12.00
# Visual Studio Version 16
VisualStudioVersion = 16.0.31410.357
MinimumVisualStudioVersion = 10.0.40219.1
Project("{FAE04EC0-301F-11D3-BF4B-00C04F79EFBC}") = "Technology", "Technology\Technology.csproj", "{83FA72B7-7762-4E3C-8985-F85D22C993B7}"
EndProject
Global
	GlobalSection(SolutionConfigurationPlatforms) = preSolution
		Debug|Any CPU = Debug|Any CPU
		Release|Any CPU = Release|Any CPU
	EndGlobalSection
	GlobalSection(ProjectConfigurationPlatforms) = postSolution
		{83FA72B7-7762-4E3C-8985-F85D22C993B7}.Debug|Any CPU.ActiveCfg = Debug|Any CPU
		{83FA72B7-7762-4E3C-8985-F85D22C993B7}.Debug|Any CPU.Build.0 = Debug|Any CPU
		{83FA72B7-7762-4E3C-8985-F85D22C993B7}.Release|Any CPU.ActiveCfg = Release|Any CPU
		{83FA72B7-7762-4E3C-8985-F85D22C993B7}.Release|Any CPU.Build.0 = Release|Any CPU
	EndGlobalSection
	GlobalSection(SolutionProperties) = preSolution
		HideSolutionNode = FALSE
	EndGlobalSection
	GlobalSection(ExtensibilityGlobals) = postSolution
		SolutionGuid = {4C4ED3FE-B1E2-40B4-936F-90E719B23B5B}
	EndGlobalSection
EndGlobal
